Microsoft Visual Studio Solution File, Format Version 12.00
# Visual Studio Version 17
VisualStudioVersion = 17.5.2.0
MinimumVisualStudioVersion = 10.0.40219.1
Project("{FAE04EC0-301F-11D3-BF4B-00C04F79EFBC}") = "backend-math-api", "backend-math-api.csproj", "{63A6F182-7896-1E18-DC5D-B90D04004CA1}"
EndProject
Global
	GlobalSection(SolutionConfigurationPlatforms) = preSolution
		Debug|Any CPU = Debug|Any CPU
		Release|Any CPU = Release|Any CPU
	EndGlobalSection
	GlobalSection(ProjectConfigurationPlatforms) = postSolution
		{63A6F182-7896-1E18-DC5D-B90D04004CA1}.Debug|Any CPU.ActiveCfg = Debug|Any CPU
		{63A6F182-7896-1E18-DC5D-B90D04004CA1}.Debug|Any CPU.Build.0 = Debug|Any CPU
		{63A6F182-7896-1E18-DC5D-B90D04004CA1}.Release|Any CPU.ActiveCfg = Release|Any CPU
		{63A6F182-7896-1E18-DC5D-B90D04004CA1}.Release|Any CPU.Build.0 = Release|Any CPU
	EndGlobalSection
	GlobalSection(SolutionProperties) = preSolution
		HideSolutionNode = FALSE
	EndGlobalSection
	GlobalSection(ExtensibilityGlobals) = postSolution
		SolutionGuid = {B99C1F55-4039-478D-A432-232C7737664B}
	EndGlobalSection
EndGlobal
